
Microsoft Visual Studio Solution File, Format Version 12.00
# Visual Studio Version 17
VisualStudioVersion = 17.9.34701.34
MinimumVisualStudioVersion = 10.0.40219.1
Project("{9A19103F-16F7-4668-BE54-9A1E7A4F7556}") = "TestApp", "TestApp\TestApp.csproj", "{10DD4EAC-0233-4EC3-B698-D546CA15E55C}"
EndProject
Project("{9A19103F-16F7-4668-BE54-9A1E7A4F7556}") = "TestApp.UnitTests", "TestApp.UnitTests\TestApp.UnitTests.csproj", "{ADBD40DB-C768-4870-9EA4-43D208521E29}"
EndProject
Global
	GlobalSection(SolutionConfigurationPlatforms) = preSolution
		Debug|Any CPU = Debug|Any CPU
		Release|Any CPU = Release|Any CPU
	EndGlobalSection
	GlobalSection(ProjectConfigurationPlatforms) = postSolution
		{10DD4EAC-0233-4EC3-B698-D546CA15E55C}.Debug|Any CPU.ActiveCfg = Debug|Any CPU
		{10DD4EAC-0233-4EC3-B698-D546CA15E55C}.Debug|Any CPU.Build.0 = Debug|Any CPU
		{10DD4EAC-0233-4EC3-B698-D546CA15E55C}.Release|Any CPU.ActiveCfg = Release|Any CPU
		{10DD4EAC-0233-4EC3-B698-D546CA15E55C}.Release|Any CPU.Build.0 = Release|Any CPU
		{ADBD40DB-C768-4870-9EA4-43D208521E29}.Debug|Any CPU.ActiveCfg = Debug|Any CPU
		{ADBD40DB-C768-4870-9EA4-43D208521E29}.Debug|Any CPU.Build.0 = Debug|Any CPU
		{ADBD40DB-C768-4870-9EA4-43D208521E29}.Release|Any CPU.ActiveCfg = Release|Any CPU
		{ADBD40DB-C768-4870-9EA4-43D208521E29}.Release|Any CPU.Build.0 = Release|Any CPU
	EndGlobalSection
	GlobalSection(SolutionProperties) = preSolution
		HideSolutionNode = FALSE
	EndGlobalSection
	GlobalSection(ExtensibilityGlobals) = postSolution
		SolutionGuid = {B833D210-F0C7-435B-B19C-B610F2DD6BD2}
	EndGlobalSection
EndGlobal
